Microsoft Visual Studio Solution File, Format Version 12.00
# Visual Studio Version 17
VisualStudioVersion = 17.7.34221.43
MinimumVisualStudioVersion = 10.0.40219.1
Project("{9A19103F-16F7-4668-BE54-9A1E7A4F7556}") = "PA Level Combiner", "PA Level Combiner\PA Level Combiner.csproj", "{7DFC6B35-B4F3-4819-BEF2-07AF1FDA6FAF}"
EndProject
Project("{FAE04EC0-301F-11D3-BF4B-00C04F79EFBC}") = "PA Level CombinerTests", "PA Level CombinerTests\PA Level CombinerTests.csproj", "{1DC2CF5D-48F9-4643-AEA4-B218017409D6}"
EndProject
Global
	GlobalSection(SolutionConfigurationPlatforms) = preSolution
		Debug|Any CPU = Debug|Any CPU
		Release|Any CPU = Release|Any CPU
	EndGlobalSection
	GlobalSection(ProjectConfigurationPlatforms) = postSolution
		{7DFC6B35-B4F3-4819-BEF2-07AF1FDA6FAF}.Debug|Any CPU.ActiveCfg = Debug|Any CPU
		{7DFC6B35-B4F3-4819-BEF2-07AF1FDA6FAF}.Debug|Any CPU.Build.0 = Debug|Any CPU
		{7DFC6B35-B4F3-4819-BEF2-07AF1FDA6FAF}.Release|Any CPU.ActiveCfg = Release|Any CPU
		{7DFC6B35-B4F3-4819-BEF2-07AF1FDA6FAF}.Release|Any CPU.Build.0 = Release|Any CPU
		{1DC2CF5D-48F9-4643-AEA4-B218017409D6}.Debug|Any CPU.ActiveCfg = Debug|Any CPU
		{1DC2CF5D-48F9-4643-AEA4-B218017409D6}.Debug|Any CPU.Build.0 = Debug|Any CPU
		{1DC2CF5D-48F9-4643-AEA4-B218017409D6}.Release|Any CPU.ActiveCfg = Release|Any CPU
		{1DC2CF5D-48F9-4643-AEA4-B218017409D6}.Release|Any CPU.Build.0 = Release|Any CPU
	EndGlobalSection
	GlobalSection(SolutionProperties) = preSolution
		HideSolutionNode = FALSE
	EndGlobalSection
	GlobalSection(ExtensibilityGlobals) = postSolution
		SolutionGuid = {6D658BED-6250-414D-97DE-9D92BC4560F6}
	EndGlobalSection
EndGlobal
