Microsoft Visual Studio Solution File, Format Version 12.00
# Visual Studio Version 17
VisualStudioVersion = 17.7.34221.43
MinimumVisualStudioVersion = 10.0.40219.1
Project("{9A19103F-16F7-4668-BE54-9A1E7A4F7556}") = "PALC.Main", "PALC.Main\PALC.Main.csproj", "{3E70977A-6432-4E3B-83E7-A0CC80CC0E22}"
	ProjectSection(ProjectDependencies) = postProject
		{83A08D0C-1B47-4FD8-BE18-01DE8660302E} = {83A08D0C-1B47-4FD8-BE18-01DE8660302E}
		{FCFA890A-7D67-4B1C-A408-042351244DC5} = {FCFA890A-7D67-4B1C-A408-042351244DC5}
	EndProjectSection
EndProject
Project("{9A19103F-16F7-4668-BE54-9A1E7A4F7556}") = "PALC.Main.Browser", "PALC.Main.Browser\PALC.Main.Browser.csproj", "{A02A314B-2710-4E63-96FB-4112BDA7C887}"
EndProject
Project("{9A19103F-16F7-4668-BE54-9A1E7A4F7556}") = "PALC.Main.Desktop", "PALC.Main.Desktop\PALC.Main.Desktop.csproj", "{6017E01C-CAAA-4256-9A2F-3602030D9490}"
	ProjectSection(ProjectDependencies) = postProject
		{83A08D0C-1B47-4FD8-BE18-01DE8660302E} = {83A08D0C-1B47-4FD8-BE18-01DE8660302E}
	EndProjectSection
EndProject
Project("{9A19103F-16F7-4668-BE54-9A1E7A4F7556}") = "PALC.Main.Tests", "PALC.Main.Tests\PALC.Main.Tests.csproj", "{E3D24F8D-6C0B-4122-B081-8F5BDD72AD97}"
EndProject
Project("{9A19103F-16F7-4668-BE54-9A1E7A4F7556}") = "PALC.CrashHandler", "PALC.CrashHandler\PALC.CrashHandler.csproj", "{83A08D0C-1B47-4FD8-BE18-01DE8660302E}"
EndProject
Project("{9A19103F-16F7-4668-BE54-9A1E7A4F7556}") = "PALC.Common", "PALC.Common\PALC.Common\PALC.Common.csproj", "{0ED55760-8B5F-47A8-A72E-BEB339AF5DF9}"
EndProject
Project("{9A19103F-16F7-4668-BE54-9A1E7A4F7556}") = "PALC.Common.Desktop", "PALC.Common\PALC.Common.Desktop\PALC.Common.Desktop.csproj", "{FCFA890A-7D67-4B1C-A408-042351244DC5}"
EndProject
Project("{2150E333-8FDC-42A3-9474-1A3956D46DE8}") = "PALC-Common", "PALC-Common", "{E853342D-4E56-415F-91A0-A3BD6EF5DE41}"
EndProject
Global
	GlobalSection(SolutionConfigurationPlatforms) = preSolution
		Debug|Any CPU = Debug|Any CPU
		Release|Any CPU = Release|Any CPU
		Reload Design|Any CPU = Reload Design|Any CPU
	EndGlobalSection
	GlobalSection(ProjectConfigurationPlatforms) = postSolution
		{3E70977A-6432-4E3B-83E7-A0CC80CC0E22}.Debug|Any CPU.ActiveCfg = Debug|Any CPU
		{3E70977A-6432-4E3B-83E7-A0CC80CC0E22}.Debug|Any CPU.Build.0 = Debug|Any CPU
		{3E70977A-6432-4E3B-83E7-A0CC80CC0E22}.Release|Any CPU.ActiveCfg = Release|Any CPU
		{3E70977A-6432-4E3B-83E7-A0CC80CC0E22}.Release|Any CPU.Build.0 = Release|Any CPU
		{3E70977A-6432-4E3B-83E7-A0CC80CC0E22}.Reload Design|Any CPU.ActiveCfg = Reload Design|Any CPU
		{3E70977A-6432-4E3B-83E7-A0CC80CC0E22}.Reload Design|Any CPU.Build.0 = Reload Design|Any CPU
		{A02A314B-2710-4E63-96FB-4112BDA7C887}.Debug|Any CPU.ActiveCfg = Debug|Any CPU
		{A02A314B-2710-4E63-96FB-4112BDA7C887}.Debug|Any CPU.Build.0 = Debug|Any CPU
		{A02A314B-2710-4E63-96FB-4112BDA7C887}.Release|Any CPU.ActiveCfg = Release|Any CPU
		{A02A314B-2710-4E63-96FB-4112BDA7C887}.Release|Any CPU.Build.0 = Release|Any CPU
		{A02A314B-2710-4E63-96FB-4112BDA7C887}.Reload Design|Any CPU.ActiveCfg = Reload Design|Any CPU
		{6017E01C-CAAA-4256-9A2F-3602030D9490}.Debug|Any CPU.ActiveCfg = Debug|Any CPU
		{6017E01C-CAAA-4256-9A2F-3602030D9490}.Debug|Any CPU.Build.0 = Debug|Any CPU
		{6017E01C-CAAA-4256-9A2F-3602030D9490}.Release|Any CPU.ActiveCfg = Release|Any CPU
		{6017E01C-CAAA-4256-9A2F-3602030D9490}.Release|Any CPU.Build.0 = Release|Any CPU
		{6017E01C-CAAA-4256-9A2F-3602030D9490}.Reload Design|Any CPU.ActiveCfg = Reload Design|Any CPU
		{6017E01C-CAAA-4256-9A2F-3602030D9490}.Reload Design|Any CPU.Build.0 = Reload Design|Any CPU
		{E3D24F8D-6C0B-4122-B081-8F5BDD72AD97}.Debug|Any CPU.ActiveCfg = Debug|Any CPU
		{E3D24F8D-6C0B-4122-B081-8F5BDD72AD97}.Debug|Any CPU.Build.0 = Debug|Any CPU
		{E3D24F8D-6C0B-4122-B081-8F5BDD72AD97}.Release|Any CPU.ActiveCfg = Release|Any CPU
		{E3D24F8D-6C0B-4122-B081-8F5BDD72AD97}.Release|Any CPU.Build.0 = Release|Any CPU
		{E3D24F8D-6C0B-4122-B081-8F5BDD72AD97}.Reload Design|Any CPU.ActiveCfg = Reload Design|Any CPU
		{83A08D0C-1B47-4FD8-BE18-01DE8660302E}.Debug|Any CPU.ActiveCfg = Debug|Any CPU
		{83A08D0C-1B47-4FD8-BE18-01DE8660302E}.Debug|Any CPU.Build.0 = Debug|Any CPU
		{83A08D0C-1B47-4FD8-BE18-01DE8660302E}.Release|Any CPU.ActiveCfg = Release|Any CPU
		{83A08D0C-1B47-4FD8-BE18-01DE8660302E}.Release|Any CPU.Build.0 = Release|Any CPU
		{83A08D0C-1B47-4FD8-BE18-01DE8660302E}.Reload Design|Any CPU.ActiveCfg = Reload Design|Any CPU
		{83A08D0C-1B47-4FD8-BE18-01DE8660302E}.Reload Design|Any CPU.Build.0 = Reload Design|Any CPU
		{0ED55760-8B5F-47A8-A72E-BEB339AF5DF9}.Debug|Any CPU.ActiveCfg = Debug|Any CPU
		{0ED55760-8B5F-47A8-A72E-BEB339AF5DF9}.Debug|Any CPU.Build.0 = Debug|Any CPU
		{0ED55760-8B5F-47A8-A72E-BEB339AF5DF9}.Release|Any CPU.ActiveCfg = Release|Any CPU
		{0ED55760-8B5F-47A8-A72E-BEB339AF5DF9}.Release|Any CPU.Build.0 = Release|Any CPU
		{0ED55760-8B5F-47A8-A72E-BEB339AF5DF9}.Reload Design|Any CPU.ActiveCfg = Reload Design|Any CPU
		{0ED55760-8B5F-47A8-A72E-BEB339AF5DF9}.Reload Design|Any CPU.Build.0 = Reload Design|Any CPU
		{FCFA890A-7D67-4B1C-A408-042351244DC5}.Debug|Any CPU.ActiveCfg = Debug|Any CPU
		{FCFA890A-7D67-4B1C-A408-042351244DC5}.Debug|Any CPU.Build.0 = Debug|Any CPU
		{FCFA890A-7D67-4B1C-A408-042351244DC5}.Release|Any CPU.ActiveCfg = Release|Any CPU
		{FCFA890A-7D67-4B1C-A408-042351244DC5}.Release|Any CPU.Build.0 = Release|Any CPU
		{FCFA890A-7D67-4B1C-A408-042351244DC5}.Reload Design|Any CPU.ActiveCfg = Reload Design|Any CPU
		{FCFA890A-7D67-4B1C-A408-042351244DC5}.Reload Design|Any CPU.Build.0 = Reload Design|Any CPU
	EndGlobalSection
	GlobalSection(SolutionProperties) = preSolution
		HideSolutionNode = FALSE
	EndGlobalSection
	GlobalSection(NestedProjects) = preSolution
		{0ED55760-8B5F-47A8-A72E-BEB339AF5DF9} = {E853342D-4E56-415F-91A0-A3BD6EF5DE41}
		{FCFA890A-7D67-4B1C-A408-042351244DC5} = {E853342D-4E56-415F-91A0-A3BD6EF5DE41}
	EndGlobalSection
	GlobalSection(ExtensibilityGlobals) = postSolution
		SolutionGuid = {6D658BED-6250-414D-97DE-9D92BC4560F6}
	EndGlobalSection
EndGlobal
