
Microsoft Visual Studio Solution File, Format Version 12.00
# Visual Studio Version 17
VisualStudioVersion = 17.9.34518.117
MinimumVisualStudioVersion = 10.0.40219.1
Project("{9A19103F-16F7-4668-BE54-9A1E7A4F7556}") = "PALC.Common", "PALC.Common\PALC.Common.csproj", "{5C9EA03C-3969-4F55-9C37-640E5B66BE1E}"
EndProject
Project("{9A19103F-16F7-4668-BE54-9A1E7A4F7556}") = "PALC.Updater", "PALC.Updater\PALC.Updater.csproj", "{C8BA9E0C-C5C5-41D3-9F97-2014758B4251}"
EndProject
Project("{9A19103F-16F7-4668-BE54-9A1E7A4F7556}") = "PALC.Updater.Desktop", "PALC.Updater.Desktop\PALC.Updater.Desktop.csproj", "{31BD8D0A-DB74-48ED-AD8D-F426AE8D7062}"
EndProject
Project("{9A19103F-16F7-4668-BE54-9A1E7A4F7556}") = "PALC.Common.Desktop", "PALC.Common.Desktop\PALC.Common.Desktop.csproj", "{83308752-1B25-4A04-85BC-1AB1AECC809E}"
EndProject
Global
	GlobalSection(SolutionConfigurationPlatforms) = preSolution
		Debug|Any CPU = Debug|Any CPU
		Release|Any CPU = Release|Any CPU
	EndGlobalSection
	GlobalSection(ProjectConfigurationPlatforms) = postSolution
		{5C9EA03C-3969-4F55-9C37-640E5B66BE1E}.Debug|Any CPU.ActiveCfg = Debug|Any CPU
		{5C9EA03C-3969-4F55-9C37-640E5B66BE1E}.Debug|Any CPU.Build.0 = Debug|Any CPU
		{5C9EA03C-3969-4F55-9C37-640E5B66BE1E}.Release|Any CPU.ActiveCfg = Release|Any CPU
		{5C9EA03C-3969-4F55-9C37-640E5B66BE1E}.Release|Any CPU.Build.0 = Release|Any CPU
		{C8BA9E0C-C5C5-41D3-9F97-2014758B4251}.Debug|Any CPU.ActiveCfg = Debug|Any CPU
		{C8BA9E0C-C5C5-41D3-9F97-2014758B4251}.Debug|Any CPU.Build.0 = Debug|Any CPU
		{C8BA9E0C-C5C5-41D3-9F97-2014758B4251}.Release|Any CPU.ActiveCfg = Release|Any CPU
		{C8BA9E0C-C5C5-41D3-9F97-2014758B4251}.Release|Any CPU.Build.0 = Release|Any CPU
		{31BD8D0A-DB74-48ED-AD8D-F426AE8D7062}.Debug|Any CPU.ActiveCfg = Debug|Any CPU
		{31BD8D0A-DB74-48ED-AD8D-F426AE8D7062}.Debug|Any CPU.Build.0 = Debug|Any CPU
		{31BD8D0A-DB74-48ED-AD8D-F426AE8D7062}.Release|Any CPU.ActiveCfg = Release|Any CPU
		{31BD8D0A-DB74-48ED-AD8D-F426AE8D7062}.Release|Any CPU.Build.0 = Release|Any CPU
		{83308752-1B25-4A04-85BC-1AB1AECC809E}.Debug|Any CPU.ActiveCfg = Debug|Any CPU
		{83308752-1B25-4A04-85BC-1AB1AECC809E}.Debug|Any CPU.Build.0 = Debug|Any CPU
		{83308752-1B25-4A04-85BC-1AB1AECC809E}.Release|Any CPU.ActiveCfg = Release|Any CPU
		{83308752-1B25-4A04-85BC-1AB1AECC809E}.Release|Any CPU.Build.0 = Release|Any CPU
	EndGlobalSection
	GlobalSection(SolutionProperties) = preSolution
		HideSolutionNode = FALSE
	EndGlobalSection
	GlobalSection(ExtensibilityGlobals) = postSolution
		SolutionGuid = {EE3D6FA4-E343-468C-B117-CB1081A60823}
	EndGlobalSection
EndGlobal
