
Microsoft Visual Studio Solution File, Format Version 12.00
# Visual Studio Version 17
VisualStudioVersion = 17.9.34310.174
MinimumVisualStudioVersion = 10.0.40219.1
Project("{9A19103F-16F7-4668-BE54-9A1E7A4F7556}") = "PALC", "PALC.csproj", "{412304CA-B11F-4645-9D28-AAB6C7EB5B30}"
EndProject
Project("{9A19103F-16F7-4668-BE54-9A1E7A4F7556}") = "PALC.Desktop", "..\PALC.Desktop\PALC.Desktop.csproj", "{17495744-9065-4C73-8921-6445B45608E9}"
EndProject
Project("{9A19103F-16F7-4668-BE54-9A1E7A4F7556}") = "PALC.Browser", "..\PALC.Browser\PALC.Browser.csproj", "{83B21DB8-ADB9-4DCE-97BC-80FACF1BD61C}"
EndProject
Global
	GlobalSection(SolutionConfigurationPlatforms) = preSolution
		Debug|Any CPU = Debug|Any CPU
		Release|Any CPU = Release|Any CPU
	EndGlobalSection
	GlobalSection(ProjectConfigurationPlatforms) = postSolution
		{412304CA-B11F-4645-9D28-AAB6C7EB5B30}.Debug|Any CPU.ActiveCfg = Debug|Any CPU
		{412304CA-B11F-4645-9D28-AAB6C7EB5B30}.Debug|Any CPU.Build.0 = Debug|Any CPU
		{412304CA-B11F-4645-9D28-AAB6C7EB5B30}.Release|Any CPU.ActiveCfg = Release|Any CPU
		{412304CA-B11F-4645-9D28-AAB6C7EB5B30}.Release|Any CPU.Build.0 = Release|Any CPU
		{17495744-9065-4C73-8921-6445B45608E9}.Debug|Any CPU.ActiveCfg = Debug|Any CPU
		{17495744-9065-4C73-8921-6445B45608E9}.Debug|Any CPU.Build.0 = Debug|Any CPU
		{17495744-9065-4C73-8921-6445B45608E9}.Release|Any CPU.ActiveCfg = Release|Any CPU
		{17495744-9065-4C73-8921-6445B45608E9}.Release|Any CPU.Build.0 = Release|Any CPU
		{83B21DB8-ADB9-4DCE-97BC-80FACF1BD61C}.Debug|Any CPU.ActiveCfg = Debug|Any CPU
		{83B21DB8-ADB9-4DCE-97BC-80FACF1BD61C}.Debug|Any CPU.Build.0 = Debug|Any CPU
		{83B21DB8-ADB9-4DCE-97BC-80FACF1BD61C}.Release|Any CPU.ActiveCfg = Release|Any CPU
		{83B21DB8-ADB9-4DCE-97BC-80FACF1BD61C}.Release|Any CPU.Build.0 = Release|Any CPU
	EndGlobalSection
	GlobalSection(SolutionProperties) = preSolution
		HideSolutionNode = FALSE
	EndGlobalSection
	GlobalSection(ExtensibilityGlobals) = postSolution
		SolutionGuid = {22BD0C69-55E0-457E-B6D8-508076BC42CC}
	EndGlobalSection
EndGlobal
